// !$*UTF8*$!
{
	archiveVersion = 1;
	classes = {
	};
	objectVersion = 52;
	objects = {

/* Begin PBXBuildFile section */
		70807FE626E8BD7A00FCC5AA /* UIViewController+Extensions.swift in Sources */ = {isa = PBXBuildFile; fileRef = 70807FE526E8BD7A00FCC5AA /* UIViewController+Extensions.swift */; };
		70807FE826E8CD4800FCC5AA /* HomepagePresenter.swift in Sources */ = {isa = PBXBuildFile; fileRef = 70807FE726E8CD4800FCC5AA /* HomepagePresenter.swift */; };
		70807FEB26E8CDB100FCC5AA /* MovieViewModel.swift in Sources */ = {isa = PBXBuildFile; fileRef = 70807FEA26E8CDB100FCC5AA /* MovieViewModel.swift */; };
		70807FED26E9D2CB00FCC5AA /* UIColor+Extensions.swift in Sources */ = {isa = PBXBuildFile; fileRef = 70807FEC26E9D2CB00FCC5AA /* UIColor+Extensions.swift */; };
		70807FF026E9DEC800FCC5AA /* Kingfisher in Frameworks */ = {isa = PBXBuildFile; productRef = 70807FEF26E9DEC800FCC5AA /* Kingfisher */; };
		70B404A626E77FFA0012F23E /* Alamofire in Frameworks */ = {isa = PBXBuildFile; productRef = 70B404A526E77FFA0012F23E /* Alamofire */; };
		70B404B726E79E780012F23E /* HomeViewController+Design.swift in Sources */ = {isa = PBXBuildFile; fileRef = 70B404B626E79E780012F23E /* HomeViewController+Design.swift */; };
		70B404B926E79EDA0012F23E /* ConstructViewsProtocol.swift in Sources */ = {isa = PBXBuildFile; fileRef = 70B404B826E79EDA0012F23E /* ConstructViewsProtocol.swift */; };
		70B404BC26E7A6470012F23E /* MovieCollectionViewCell.swift in Sources */ = {isa = PBXBuildFile; fileRef = 70B404BB26E7A6470012F23E /* MovieCollectionViewCell.swift */; };
		70B404BE26E7A6C30012F23E /* MovieCollectionViewCell+Design.swift in Sources */ = {isa = PBXBuildFile; fileRef = 70B404BD26E7A6C30012F23E /* MovieCollectionViewCell+Design.swift */; };
		70E57C9C26E73C8600A5E9D2 /* AppDelegate.swift in Sources */ = {isa = PBXBuildFile; fileRef = 70E57C9B26E73C8600A5E9D2 /* AppDelegate.swift */; };
		70E57CA026E73C8600A5E9D2 /* HomeViewController.swift in Sources */ = {isa = PBXBuildFile; fileRef = 70E57C9F26E73C8600A5E9D2 /* HomeViewController.swift */; };
		70E57CA526E73C8700A5E9D2 /* Assets.xcassets in Resources */ = {isa = PBXBuildFile; fileRef = 70E57CA426E73C8700A5E9D2 /* Assets.xcassets */; };
		70E57CA826E73C8700A5E9D2 /* LaunchScreen.storyboard in Resources */ = {isa = PBXBuildFile; fileRef = 70E57CA626E73C8700A5E9D2 /* LaunchScreen.storyboard */; };
		70E57CB326E73C8700A5E9D2 /* MovieAppTests.swift in Sources */ = {isa = PBXBuildFile; fileRef = 70E57CB226E73C8700A5E9D2 /* MovieAppTests.swift */; };
		70E57CBE26E73C8800A5E9D2 /* MovieAppUITests.swift in Sources */ = {isa = PBXBuildFile; fileRef = 70E57CBD26E73C8800A5E9D2 /* MovieAppUITests.swift */; };
		70E57CCD26E75BC600A5E9D2 /* SnapKit in Frameworks */ = {isa = PBXBuildFile; productRef = 70E57CCC26E75BC600A5E9D2 /* SnapKit */; };
/* End PBXBuildFile section */

/* Begin PBXContainerItemProxy section */
		70E57CAF26E73C8700A5E9D2 /* PBXContainerItemProxy */ = {
			isa = PBXContainerItemProxy;
			containerPortal = 70E57C9026E73C8600A5E9D2 /* Project object */;
			proxyType = 1;
			remoteGlobalIDString = 70E57C9726E73C8600A5E9D2;
			remoteInfo = MovieApp;
		};
		70E57CBA26E73C8800A5E9D2 /* PBXContainerItemProxy */ = {
			isa = PBXContainerItemProxy;
			containerPortal = 70E57C9026E73C8600A5E9D2 /* Project object */;
			proxyType = 1;
			remoteGlobalIDString = 70E57C9726E73C8600A5E9D2;
			remoteInfo = MovieApp;
		};
/* End PBXContainerItemProxy section */

/* Begin PBXFileReference section */
		70807FE526E8BD7A00FCC5AA /* UIViewController+Extensions.swift */ = {isa = PBXFileReference; lastKnownFileType = sourcecode.swift; path = "UIViewController+Extensions.swift"; sourceTree = "<group>"; };
		70807FE726E8CD4800FCC5AA /* HomepagePresenter.swift */ = {isa = PBXFileReference; lastKnownFileType = sourcecode.swift; path = HomepagePresenter.swift; sourceTree = "<group>"; };
		70807FEA26E8CDB100FCC5AA /* MovieViewModel.swift */ = {isa = PBXFileReference; lastKnownFileType = sourcecode.swift; path = MovieViewModel.swift; sourceTree = "<group>"; };
		70807FEC26E9D2CB00FCC5AA /* UIColor+Extensions.swift */ = {isa = PBXFileReference; lastKnownFileType = sourcecode.swift; path = "UIColor+Extensions.swift"; sourceTree = "<group>"; };
		70B404B626E79E780012F23E /* HomeViewController+Design.swift */ = {isa = PBXFileReference; lastKnownFileType = sourcecode.swift; path = "HomeViewController+Design.swift"; sourceTree = "<group>"; };
		70B404B826E79EDA0012F23E /* ConstructViewsProtocol.swift */ = {isa = PBXFileReference; lastKnownFileType = sourcecode.swift; path = ConstructViewsProtocol.swift; sourceTree = "<group>"; };
		70B404BB26E7A6470012F23E /* MovieCollectionViewCell.swift */ = {isa = PBXFileReference; lastKnownFileType = sourcecode.swift; path = MovieCollectionViewCell.swift; sourceTree = "<group>"; };
		70B404BD26E7A6C30012F23E /* MovieCollectionViewCell+Design.swift */ = {isa = PBXFileReference; lastKnownFileType = sourcecode.swift; path = "MovieCollectionViewCell+Design.swift"; sourceTree = "<group>"; };
		70E57C9826E73C8600A5E9D2 /* MovieApp.app */ = {isa = PBXFileReference; explicitFileType = wrapper.application; includeInIndex = 0; path = MovieApp.app; sourceTree = BUILT_PRODUCTS_DIR; };
		70E57C9B26E73C8600A5E9D2 /* AppDelegate.swift */ = {isa = PBXFileReference; lastKnownFileType = sourcecode.swift; path = AppDelegate.swift; sourceTree = "<group>"; };
		70E57C9F26E73C8600A5E9D2 /* HomeViewController.swift */ = {isa = PBXFileReference; lastKnownFileType = sourcecode.swift; path = HomeViewController.swift; sourceTree = "<group>"; };
		70E57CA426E73C8700A5E9D2 /* Assets.xcassets */ = {isa = PBXFileReference; lastKnownFileType = folder.assetcatalog; path = Assets.xcassets; sourceTree = "<group>"; };
		70E57CA726E73C8700A5E9D2 /* Base */ = {isa = PBXFileReference; lastKnownFileType = file.storyboard; name = Base; path = Base.lproj/LaunchScreen.storyboard; sourceTree = "<group>"; };
		70E57CA926E73C8700A5E9D2 /* Info.plist */ = {isa = PBXFileReference; lastKnownFileType = text.plist.xml; path = Info.plist; sourceTree = "<group>"; };
		70E57CAE26E73C8700A5E9D2 /* MovieAppTests.xctest */ = {isa = PBXFileReference; explicitFileType = wrapper.cfbundle; includeInIndex = 0; path = MovieAppTests.xctest; sourceTree = BUILT_PRODUCTS_DIR; };
		70E57CB226E73C8700A5E9D2 /* MovieAppTests.swift */ = {isa = PBXFileReference; lastKnownFileType = sourcecode.swift; path = MovieAppTests.swift; sourceTree = "<group>"; };
		70E57CB426E73C8700A5E9D2 /* Info.plist */ = {isa = PBXFileReference; lastKnownFileType = text.plist.xml; path = Info.plist; sourceTree = "<group>"; };
		70E57CB926E73C8800A5E9D2 /* MovieAppUITests.xctest */ = {isa = PBXFileReference; explicitFileType = wrapper.cfbundle; includeInIndex = 0; path = MovieAppUITests.xctest; sourceTree = BUILT_PRODUCTS_DIR; };
		70E57CBD26E73C8800A5E9D2 /* MovieAppUITests.swift */ = {isa = PBXFileReference; lastKnownFileType = sourcecode.swift; path = MovieAppUITests.swift; sourceTree = "<group>"; };
		70E57CBF26E73C8800A5E9D2 /* Info.plist */ = {isa = PBXFileReference; lastKnownFileType = text.plist.xml; path = Info.plist; sourceTree = "<group>"; };
/* End PBXFileReference section */

/* Begin PBXFrameworksBuildPhase section */
		70E57C9526E73C8600A5E9D2 /* Frameworks */ = {
			isa = PBXFrameworksBuildPhase;
			buildActionMask = 2147483647;
			files = (
				70807FF026E9DEC800FCC5AA /* Kingfisher in Frameworks */,
				70E57CCD26E75BC600A5E9D2 /* SnapKit in Frameworks */,
				70B404A626E77FFA0012F23E /* Alamofire in Frameworks */,
			);
			runOnlyForDeploymentPostprocessing = 0;
		};
		70E57CAB26E73C8700A5E9D2 /* Frameworks */ = {
			isa = PBXFrameworksBuildPhase;
			buildActionMask = 2147483647;
			files = (
			);
			runOnlyForDeploymentPostprocessing = 0;
		};
		70E57CB626E73C8800A5E9D2 /* Frameworks */ = {
			isa = PBXFrameworksBuildPhase;
			buildActionMask = 2147483647;
			files = (
			);
			runOnlyForDeploymentPostprocessing = 0;
		};
/* End PBXFrameworksBuildPhase section */

/* Begin PBXGroup section */
		70807FE426E8BD5100FCC5AA /* Extensions */ = {
			isa = PBXGroup;
			children = (
				70807FE526E8BD7A00FCC5AA /* UIViewController+Extensions.swift */,
				70807FEC26E9D2CB00FCC5AA /* UIColor+Extensions.swift */,
			);
			path = Extensions;
			sourceTree = "<group>";
		};
		70807FE926E8CD9F00FCC5AA /* View Models */ = {
			isa = PBXGroup;
			children = (
				70807FEA26E8CDB100FCC5AA /* MovieViewModel.swift */,
			);
			path = "View Models";
			sourceTree = "<group>";
		};
		70B404B426E79E0D0012F23E /* UI */ = {
			isa = PBXGroup;
			children = (
				70807FE426E8BD5100FCC5AA /* Extensions */,
				70B404B526E79E180012F23E /* Homepage */,
				70B404B826E79EDA0012F23E /* ConstructViewsProtocol.swift */,
			);
			path = UI;
			sourceTree = "<group>";
		};
		70B404B526E79E180012F23E /* Homepage */ = {
			isa = PBXGroup;
			children = (
				70B404BA26E7A5D30012F23E /* Components */,
				70E57C9F26E73C8600A5E9D2 /* HomeViewController.swift */,
				70B404B626E79E780012F23E /* HomeViewController+Design.swift */,
				70807FE726E8CD4800FCC5AA /* HomepagePresenter.swift */,
			);
			path = Homepage;
			sourceTree = "<group>";
		};
		70B404BA26E7A5D30012F23E /* Components */ = {
			isa = PBXGroup;
			children = (
				70B404BB26E7A6470012F23E /* MovieCollectionViewCell.swift */,
				70B404BD26E7A6C30012F23E /* MovieCollectionViewCell+Design.swift */,
			);
			path = Components;
			sourceTree = "<group>";
		};
		70E57C8F26E73C8600A5E9D2 = {
			isa = PBXGroup;
			children = (
				70E57C9A26E73C8600A5E9D2 /* MovieApp */,
				70E57CB126E73C8700A5E9D2 /* MovieAppTests */,
				70E57CBC26E73C8800A5E9D2 /* MovieAppUITests */,
				70E57C9926E73C8600A5E9D2 /* Products */,
				70E57CD326E762B600A5E9D2 /* Frameworks */,
			);
			sourceTree = "<group>";
		};
		70E57C9926E73C8600A5E9D2 /* Products */ = {
			isa = PBXGroup;
			children = (
				70E57C9826E73C8600A5E9D2 /* MovieApp.app */,
				70E57CAE26E73C8700A5E9D2 /* MovieAppTests.xctest */,
				70E57CB926E73C8800A5E9D2 /* MovieAppUITests.xctest */,
			);
			name = Products;
			sourceTree = "<group>";
		};
		70E57C9A26E73C8600A5E9D2 /* MovieApp */ = {
			isa = PBXGroup;
			children = (
				70807FE926E8CD9F00FCC5AA /* View Models */,
				70B404B426E79E0D0012F23E /* UI */,
				70E57C9B26E73C8600A5E9D2 /* AppDelegate.swift */,
				70E57CA426E73C8700A5E9D2 /* Assets.xcassets */,
				70E57CA626E73C8700A5E9D2 /* LaunchScreen.storyboard */,
				70E57CA926E73C8700A5E9D2 /* Info.plist */,
			);
			path = MovieApp;
			sourceTree = "<group>";
		};
		70E57CB126E73C8700A5E9D2 /* MovieAppTests */ = {
			isa = PBXGroup;
			children = (
				70E57CB226E73C8700A5E9D2 /* MovieAppTests.swift */,
				70E57CB426E73C8700A5E9D2 /* Info.plist */,
			);
			path = MovieAppTests;
			sourceTree = "<group>";
		};
		70E57CBC26E73C8800A5E9D2 /* MovieAppUITests */ = {
			isa = PBXGroup;
			children = (
				70E57CBD26E73C8800A5E9D2 /* MovieAppUITests.swift */,
				70E57CBF26E73C8800A5E9D2 /* Info.plist */,
			);
			path = MovieAppUITests;
			sourceTree = "<group>";
		};
		70E57CD326E762B600A5E9D2 /* Frameworks */ = {
			isa = PBXGroup;
			children = (
			);
			name = Frameworks;
			sourceTree = "<group>";
		};
/* End PBXGroup section */

/* Begin PBXNativeTarget section */
		70E57C9726E73C8600A5E9D2 /* MovieApp */ = {
			isa = PBXNativeTarget;
			buildConfigurationList = 70E57CC226E73C8800A5E9D2 /* Build configuration list for PBXNativeTarget "MovieApp" */;
			buildPhases = (
				70B404A326E77D950012F23E /* ShellScript */,
				70E57C9426E73C8600A5E9D2 /* Sources */,
				70E57C9526E73C8600A5E9D2 /* Frameworks */,
				70E57C9626E73C8600A5E9D2 /* Resources */,
			);
			buildRules = (
			);
			dependencies = (
			);
			name = MovieApp;
			packageProductDependencies = (
				70E57CCC26E75BC600A5E9D2 /* SnapKit */,
				70B404A526E77FFA0012F23E /* Alamofire */,
				70807FEF26E9DEC800FCC5AA /* Kingfisher */,
			);
			productName = MovieApp;
			productReference = 70E57C9826E73C8600A5E9D2 /* MovieApp.app */;
			productType = "com.apple.product-type.application";
		};
		70E57CAD26E73C8700A5E9D2 /* MovieAppTests */ = {
			isa = PBXNativeTarget;
			buildConfigurationList = 70E57CC526E73C8800A5E9D2 /* Build configuration list for PBXNativeTarget "MovieAppTests" */;
			buildPhases = (
				70E57CAA26E73C8700A5E9D2 /* Sources */,
				70E57CAB26E73C8700A5E9D2 /* Frameworks */,
				70E57CAC26E73C8700A5E9D2 /* Resources */,
			);
			buildRules = (
			);
			dependencies = (
				70E57CB026E73C8700A5E9D2 /* PBXTargetDependency */,
			);
			name = MovieAppTests;
			productName = MovieAppTests;
			productReference = 70E57CAE26E73C8700A5E9D2 /* MovieAppTests.xctest */;
			productType = "com.apple.product-type.bundle.unit-test";
		};
		70E57CB826E73C8800A5E9D2 /* MovieAppUITests */ = {
			isa = PBXNativeTarget;
			buildConfigurationList = 70E57CC826E73C8800A5E9D2 /* Build configuration list for PBXNativeTarget "MovieAppUITests" */;
			buildPhases = (
				70E57CB526E73C8800A5E9D2 /* Sources */,
				70E57CB626E73C8800A5E9D2 /* Frameworks */,
				70E57CB726E73C8800A5E9D2 /* Resources */,
			);
			buildRules = (
			);
			dependencies = (
				70E57CBB26E73C8800A5E9D2 /* PBXTargetDependency */,
			);
			name = MovieAppUITests;
			productName = MovieAppUITests;
			productReference = 70E57CB926E73C8800A5E9D2 /* MovieAppUITests.xctest */;
			productType = "com.apple.product-type.bundle.ui-testing";
		};
/* End PBXNativeTarget section */

/* Begin PBXProject section */
		70E57C9026E73C8600A5E9D2 /* Project object */ = {
			isa = PBXProject;
			attributes = {
				LastSwiftUpdateCheck = 1250;
				LastUpgradeCheck = 1250;
				TargetAttributes = {
					70E57C9726E73C8600A5E9D2 = {
						CreatedOnToolsVersion = 12.5.1;
					};
					70E57CAD26E73C8700A5E9D2 = {
						CreatedOnToolsVersion = 12.5.1;
						TestTargetID = 70E57C9726E73C8600A5E9D2;
					};
					70E57CB826E73C8800A5E9D2 = {
						CreatedOnToolsVersion = 12.5.1;
						TestTargetID = 70E57C9726E73C8600A5E9D2;
					};
				};
			};
			buildConfigurationList = 70E57C9326E73C8600A5E9D2 /* Build configuration list for PBXProject "MovieApp" */;
			compatibilityVersion = "Xcode 9.3";
			developmentRegion = en;
			hasScannedForEncodings = 0;
			knownRegions = (
				en,
				Base,
			);
			mainGroup = 70E57C8F26E73C8600A5E9D2;
			packageReferences = (
				70E57CCB26E75BC600A5E9D2 /* XCRemoteSwiftPackageReference "SnapKit" */,
				70B404A226E7656A0012F23E /* XCRemoteSwiftPackageReference "SwiftLint" */,
				70B404A426E77FFA0012F23E /* XCRemoteSwiftPackageReference "Alamofire" */,
				70807FEE26E9DEC800FCC5AA /* XCRemoteSwiftPackageReference "Kingfisher" */,
			);
			productRefGroup = 70E57C9926E73C8600A5E9D2 /* Products */;
			projectDirPath = "";
			projectRoot = "";
			targets = (
				70E57C9726E73C8600A5E9D2 /* MovieApp */,
				70E57CAD26E73C8700A5E9D2 /* MovieAppTests */,
				70E57CB826E73C8800A5E9D2 /* MovieAppUITests */,
			);
		};
/* End PBXProject section */

/* Begin PBXResourcesBuildPhase section */
		70E57C9626E73C8600A5E9D2 /* Resources */ = {
			isa = PBXResourcesBuildPhase;
			buildActionMask = 2147483647;
			files = (
				70E57CA826E73C8700A5E9D2 /* LaunchScreen.storyboard in Resources */,
				70E57CA526E73C8700A5E9D2 /* Assets.xcassets in Resources */,
			);
			runOnlyForDeploymentPostprocessing = 0;
		};
		70E57CAC26E73C8700A5E9D2 /* Resources */ = {
			isa = PBXResourcesBuildPhase;
			buildActionMask = 2147483647;
			files = (
			);
			runOnlyForDeploymentPostprocessing = 0;
		};
		70E57CB726E73C8800A5E9D2 /* Resources */ = {
			isa = PBXResourcesBuildPhase;
			buildActionMask = 2147483647;
			files = (
			);
			runOnlyForDeploymentPostprocessing = 0;
		};
/* End PBXResourcesBuildPhase section */

/* Begin PBXShellScriptBuildPhase section */
		70B404A326E77D950012F23E /* ShellScript */ = {
			isa = PBXShellScriptBuildPhase;
			buildActionMask = 2147483647;
			files = (
			);
			inputFileListPaths = (
			);
			inputPaths = (
			);
			outputFileListPaths = (
			);
			outputPaths = (
			);
			runOnlyForDeploymentPostprocessing = 0;
			shellPath = /bin/sh;
			shellScript = "if which swiftlint >/dev/null; then\n  swiftlint\nelse\n  echo \"warning: SwiftLint not installed, download from https://github.com/realm/SwiftLint\"\nfi\n";
		};
/* End PBXShellScriptBuildPhase section */

/* Begin PBXSourcesBuildPhase section */
		70E57C9426E73C8600A5E9D2 /* Sources */ = {
			isa = PBXSourcesBuildPhase;
			buildActionMask = 2147483647;
			files = (
				70807FE826E8CD4800FCC5AA /* HomepagePresenter.swift in Sources */,
				70807FED26E9D2CB00FCC5AA /* UIColor+Extensions.swift in Sources */,
				70B404BE26E7A6C30012F23E /* MovieCollectionViewCell+Design.swift in Sources */,
				70807FEB26E8CDB100FCC5AA /* MovieViewModel.swift in Sources */,
				70B404B926E79EDA0012F23E /* ConstructViewsProtocol.swift in Sources */,
				70E57CA026E73C8600A5E9D2 /* HomeViewController.swift in Sources */,
				70E57C9C26E73C8600A5E9D2 /* AppDelegate.swift in Sources */,
				70B404B726E79E780012F23E /* HomeViewController+Design.swift in Sources */,
				70B404BC26E7A6470012F23E /* MovieCollectionViewCell.swift in Sources */,
				70807FE626E8BD7A00FCC5AA /* UIViewController+Extensions.swift in Sources */,
			);
			runOnlyForDeploymentPostprocessing = 0;
		};
		70E57CAA26E73C8700A5E9D2 /* Sources */ = {
			isa = PBXSourcesBuildPhase;
			buildActionMask = 2147483647;
			files = (
				70E57CB326E73C8700A5E9D2 /* MovieAppTests.swift in Sources */,
			);
			runOnlyForDeploymentPostprocessing = 0;
		};
		70E57CB526E73C8800A5E9D2 /* Sources */ = {
			isa = PBXSourcesBuildPhase;
			buildActionMask = 2147483647;
			files = (
				70E57CBE26E73C8800A5E9D2 /* MovieAppUITests.swift in Sources */,
			);
			runOnlyForDeploymentPostprocessing = 0;
		};
/* End PBXSourcesBuildPhase section */

/* Begin PBXTargetDependency section */
		70E57CB026E73C8700A5E9D2 /* PBXTargetDependency */ = {
			isa = PBXTargetDependency;
			target = 70E57C9726E73C8600A5E9D2 /* MovieApp */;
			targetProxy = 70E57CAF26E73C8700A5E9D2 /* PBXContainerItemProxy */;
		};
		70E57CBB26E73C8800A5E9D2 /* PBXTargetDependency */ = {
			isa = PBXTargetDependency;
			target = 70E57C9726E73C8600A5E9D2 /* MovieApp */;
			targetProxy = 70E57CBA26E73C8800A5E9D2 /* PBXContainerItemProxy */;
		};
/* End PBXTargetDependency section */

/* Begin PBXVariantGroup section */
		70E57CA626E73C8700A5E9D2 /* LaunchScreen.storyboard */ = {
			isa = PBXVariantGroup;
			children = (
				70E57CA726E73C8700A5E9D2 /* Base */,
			);
			name = LaunchScreen.storyboard;
			sourceTree = "<group>";
		};
/* End PBXVariantGroup section */

/* Begin XCBuildConfiguration section */
		70E57CC026E73C8800A5E9D2 /* Debug */ = {
			isa = XCBuildConfiguration;
			buildSettings = {
				ALWAYS_SEARCH_USER_PATHS = NO;
				CLANG_ANALYZER_NONNULL = YES;
				CLANG_ANALYZER_NUMBER_OBJECT_CONVERSION = YES_AGGRESSIVE;
				CLANG_CXX_LANGUAGE_STANDARD = "gnu++14";
				CLANG_CXX_LIBRARY = "libc++";
				CLANG_ENABLE_MODULES = YES;
				CLANG_ENABLE_OBJC_ARC = YES;
				CLANG_ENABLE_OBJC_WEAK = YES;
				CLANG_WARN_BLOCK_CAPTURE_AUTORELEASING = YES;
				CLANG_WARN_BOOL_CONVERSION = YES;
				CLANG_WARN_COMMA = YES;
				CLANG_WARN_CONSTANT_CONVERSION = YES;
				CLANG_WARN_DEPRECATED_OBJC_IMPLEMENTATIONS = YES;
				CLANG_WARN_DIRECT_OBJC_ISA_USAGE = YES_ERROR;
				CLANG_WARN_DOCUMENTATION_COMMENTS = YES;
				CLANG_WARN_EMPTY_BODY = YES;
				CLANG_WARN_ENUM_CONVERSION = YES;
				CLANG_WARN_INFINITE_RECURSION = YES;
				CLANG_WARN_INT_CONVERSION = YES;
				CLANG_WARN_NON_LITERAL_NULL_CONVERSION = YES;
				CLANG_WARN_OBJC_IMPLICIT_RETAIN_SELF = YES;
				CLANG_WARN_OBJC_LITERAL_CONVERSION = YES;
				CLANG_WARN_OBJC_ROOT_CLASS = YES_ERROR;
				CLANG_WARN_QUOTED_INCLUDE_IN_FRAMEWORK_HEADER = YES;
				CLANG_WARN_RANGE_LOOP_ANALYSIS = YES;
				CLANG_WARN_STRICT_PROTOTYPES = YES;
				CLANG_WARN_SUSPICIOUS_MOVE = YES;
				CLANG_WARN_UNGUARDED_AVAILABILITY = YES_AGGRESSIVE;
				CLANG_WARN_UNREACHABLE_CODE = YES;
				CLANG_WARN__DUPLICATE_METHOD_MATCH = YES;
				COPY_PHASE_STRIP = NO;
				DEBUG_INFORMATION_FORMAT = dwarf;
				ENABLE_STRICT_OBJC_MSGSEND = YES;
				ENABLE_TESTABILITY = YES;
				GCC_C_LANGUAGE_STANDARD = gnu11;
				GCC_DYNAMIC_NO_PIC = NO;
				GCC_NO_COMMON_BLOCKS = YES;
				GCC_OPTIMIZATION_LEVEL = 0;
				GCC_PREPROCESSOR_DEFINITIONS = (
					"DEBUG=1",
					"$(inherited)",
				);
				GCC_WARN_64_TO_32_BIT_CONVERSION = YES;
				GCC_WARN_ABOUT_RETURN_TYPE = YES_ERROR;
				GCC_WARN_UNDECLARED_SELECTOR = YES;
				GCC_WARN_UNINITIALIZED_AUTOS = YES_AGGRESSIVE;
				GCC_WARN_UNUSED_FUNCTION = YES;
				GCC_WARN_UNUSED_VARIABLE = YES;
				IPHONEOS_DEPLOYMENT_TARGET = 14.5;
				MTL_ENABLE_DEBUG_INFO = INCLUDE_SOURCE;
				MTL_FAST_MATH = YES;
				ONLY_ACTIVE_ARCH = YES;
				SDKROOT = iphoneos;
				SWIFT_ACTIVE_COMPILATION_CONDITIONS = DEBUG;
				SWIFT_OPTIMIZATION_LEVEL = "-Onone";
			};
			name = Debug;
		};
		70E57CC126E73C8800A5E9D2 /* Release */ = {
			isa = XCBuildConfiguration;
			buildSettings = {
				ALWAYS_SEARCH_USER_PATHS = NO;
				CLANG_ANALYZER_NONNULL = YES;
				CLANG_ANALYZER_NUMBER_OBJECT_CONVERSION = YES_AGGRESSIVE;
				CLANG_CXX_LANGUAGE_STANDARD = "gnu++14";
				CLANG_CXX_LIBRARY = "libc++";
				CLANG_ENABLE_MODULES = YES;
				CLANG_ENABLE_OBJC_ARC = YES;
				CLANG_ENABLE_OBJC_WEAK = YES;
				CLANG_WARN_BLOCK_CAPTURE_AUTORELEASING = YES;
				CLANG_WARN_BOOL_CONVERSION = YES;
				CLANG_WARN_COMMA = YES;
				CLANG_WARN_CONSTANT_CONVERSION = YES;
				CLANG_WARN_DEPRECATED_OBJC_IMPLEMENTATIONS = YES;
				CLANG_WARN_DIRECT_OBJC_ISA_USAGE = YES_ERROR;
				CLANG_WARN_DOCUMENTATION_COMMENTS = YES;
				CLANG_WARN_EMPTY_BODY = YES;
				CLANG_WARN_ENUM_CONVERSION = YES;
				CLANG_WARN_INFINITE_RECURSION = YES;
				CLANG_WARN_INT_CONVERSION = YES;
				CLANG_WARN_NON_LITERAL_NULL_CONVERSION = YES;
				CLANG_WARN_OBJC_IMPLICIT_RETAIN_SELF = YES;
				CLANG_WARN_OBJC_LITERAL_CONVERSION = YES;
				CLANG_WARN_OBJC_ROOT_CLASS = YES_ERROR;
				CLANG_WARN_QUOTED_INCLUDE_IN_FRAMEWORK_HEADER = YES;
				CLANG_WARN_RANGE_LOOP_ANALYSIS = YES;
				CLANG_WARN_STRICT_PROTOTYPES = YES;
				CLANG_WARN_SUSPICIOUS_MOVE = YES;
				CLANG_WARN_UNGUARDED_AVAILABILITY = YES_AGGRESSIVE;
				CLANG_WARN_UNREACHABLE_CODE = YES;
				CLANG_WARN__DUPLICATE_METHOD_MATCH = YES;
				COPY_PHASE_STRIP = NO;
				DEBUG_INFORMATION_FORMAT = "dwarf-with-dsym";
				ENABLE_NS_ASSERTIONS = NO;
				ENABLE_STRICT_OBJC_MSGSEND = YES;
				GCC_C_LANGUAGE_STANDARD = gnu11;
				GCC_NO_COMMON_BLOCKS = YES;
				GCC_WARN_64_TO_32_BIT_CONVERSION = YES;
				GCC_WARN_ABOUT_RETURN_TYPE = YES_ERROR;
				GCC_WARN_UNDECLARED_SELECTOR = YES;
				GCC_WARN_UNINITIALIZED_AUTOS = YES_AGGRESSIVE;
				GCC_WARN_UNUSED_FUNCTION = YES;
				GCC_WARN_UNUSED_VARIABLE = YES;
				IPHONEOS_DEPLOYMENT_TARGET = 14.5;
				MTL_ENABLE_DEBUG_INFO = NO;
				MTL_FAST_MATH = YES;
				SDKROOT = iphoneos;
				SWIFT_COMPILATION_MODE = wholemodule;
				SWIFT_OPTIMIZATION_LEVEL = "-O";
				VALIDATE_PRODUCT = YES;
			};
			name = Release;
		};
		70E57CC326E73C8800A5E9D2 /* Debug */ = {
			isa = XCBuildConfiguration;
			buildSettings = {
				ASSETCATALOG_COMPILER_APPICON_NAME = AppIcon;
				ASSETCATALOG_COMPILER_GLOBAL_ACCENT_COLOR_NAME = AccentColor;
				CODE_SIGN_STYLE = Automatic;
				DEVELOPMENT_TEAM = GQC94HBFAG;
				INFOPLIST_FILE = MovieApp/Info.plist;
				LD_RUNPATH_SEARCH_PATHS = (
					"$(inherited)",
					"@executable_path/Frameworks",
				);
				PRODUCT_BUNDLE_IDENTIFIER = fiveagency.bundle.MovieApp;
				PRODUCT_NAME = "$(TARGET_NAME)";
				SWIFT_VERSION = 5.0;
				TARGETED_DEVICE_FAMILY = "1,2";
			};
			name = Debug;
		};
		70E57CC426E73C8800A5E9D2 /* Release */ = {
			isa = XCBuildConfiguration;
			buildSettings = {
				ASSETCATALOG_COMPILER_APPICON_NAME = AppIcon;
				ASSETCATALOG_COMPILER_GLOBAL_ACCENT_COLOR_NAME = AccentColor;
				CODE_SIGN_STYLE = Automatic;
				DEVELOPMENT_TEAM = GQC94HBFAG;
				INFOPLIST_FILE = MovieApp/Info.plist;
				LD_RUNPATH_SEARCH_PATHS = (
					"$(inherited)",
					"@executable_path/Frameworks",
				);
				PRODUCT_BUNDLE_IDENTIFIER = fiveagency.bundle.MovieApp;
				PRODUCT_NAME = "$(TARGET_NAME)";
				SWIFT_VERSION = 5.0;
				TARGETED_DEVICE_FAMILY = "1,2";
			};
			name = Release;
		};
		70E57CC626E73C8800A5E9D2 /* Debug */ = {
			isa = XCBuildConfiguration;
			buildSettings = {
				ALWAYS_EMBED_SWIFT_STANDARD_LIBRARIES = YES;
				BUNDLE_LOADER = "$(TEST_HOST)";
				CODE_SIGN_STYLE = Automatic;
				DEVELOPMENT_TEAM = GQC94HBFAG;
				INFOPLIST_FILE = MovieAppTests/Info.plist;
				IPHONEOS_DEPLOYMENT_TARGET = 14.5;
				LD_RUNPATH_SEARCH_PATHS = (
					"$(inherited)",
					"@executable_path/Frameworks",
					"@loader_path/Frameworks",
				);
				PRODUCT_BUNDLE_IDENTIFIER = fiveagency.bundle.MovieAppTests;
				PRODUCT_NAME = "$(TARGET_NAME)";
				SWIFT_VERSION = 5.0;
				TARGETED_DEVICE_FAMILY = "1,2";
				TEST_HOST = "$(BUILT_PRODUCTS_DIR)/MovieApp.app/MovieApp";
			};
			name = Debug;
		};
		70E57CC726E73C8800A5E9D2 /* Release */ = {
			isa = XCBuildConfiguration;
			buildSettings = {
				ALWAYS_EMBED_SWIFT_STANDARD_LIBRARIES = YES;
				BUNDLE_LOADER = "$(TEST_HOST)";
				CODE_SIGN_STYLE = Automatic;
				DEVELOPMENT_TEAM = GQC94HBFAG;
				INFOPLIST_FILE = MovieAppTests/Info.plist;
				IPHONEOS_DEPLOYMENT_TARGET = 14.5;
				LD_RUNPATH_SEARCH_PATHS = (
					"$(inherited)",
					"@executable_path/Frameworks",
					"@loader_path/Frameworks",
				);
				PRODUCT_BUNDLE_IDENTIFIER = fiveagency.bundle.MovieAppTests;
				PRODUCT_NAME = "$(TARGET_NAME)";
				SWIFT_VERSION = 5.0;
				TARGETED_DEVICE_FAMILY = "1,2";
				TEST_HOST = "$(BUILT_PRODUCTS_DIR)/MovieApp.app/MovieApp";
			};
			name = Release;
		};
		70E57CC926E73C8800A5E9D2 /* Debug */ = {
			isa = XCBuildConfiguration;
			buildSettings = {
				ALWAYS_EMBED_SWIFT_STANDARD_LIBRARIES = YES;
				CODE_SIGN_STYLE = Automatic;
				DEVELOPMENT_TEAM = GQC94HBFAG;
				INFOPLIST_FILE = MovieAppUITests/Info.plist;
				LD_RUNPATH_SEARCH_PATHS = (
					"$(inherited)",
					"@executable_path/Frameworks",
					"@loader_path/Frameworks",
				);
				PRODUCT_BUNDLE_IDENTIFIER = fiveagency.bundle.MovieAppUITests;
				PRODUCT_NAME = "$(TARGET_NAME)";
				SWIFT_VERSION = 5.0;
				TARGETED_DEVICE_FAMILY = "1,2";
				TEST_TARGET_NAME = MovieApp;
			};
			name = Debug;
		};
		70E57CCA26E73C8800A5E9D2 /* Release */ = {
			isa = XCBuildConfiguration;
			buildSettings = {
				ALWAYS_EMBED_SWIFT_STANDARD_LIBRARIES = YES;
				CODE_SIGN_STYLE = Automatic;
				DEVELOPMENT_TEAM = GQC94HBFAG;
				INFOPLIST_FILE = MovieAppUITests/Info.plist;
				LD_RUNPATH_SEARCH_PATHS = (
					"$(inherited)",
					"@executable_path/Frameworks",
					"@loader_path/Frameworks",
				);
				PRODUCT_BUNDLE_IDENTIFIER = fiveagency.bundle.MovieAppUITests;
				PRODUCT_NAME = "$(TARGET_NAME)";
				SWIFT_VERSION = 5.0;
				TARGETED_DEVICE_FAMILY = "1,2";
				TEST_TARGET_NAME = MovieApp;
			};
			name = Release;
		};
/* End XCBuildConfiguration section */

/* Begin XCConfigurationList section */
		70E57C9326E73C8600A5E9D2 /* Build configuration list for PBXProject "MovieApp" */ = {
			isa = XCConfigurationList;
			buildConfigurations = (
				70E57CC026E73C8800A5E9D2 /* Debug */,
				70E57CC126E73C8800A5E9D2 /* Release */,
			);
			defaultConfigurationIsVisible = 0;
			defaultConfigurationName = Release;
		};
		70E57CC226E73C8800A5E9D2 /* Build configuration list for PBXNativeTarget "MovieApp" */ = {
			isa = XCConfigurationList;
			buildConfigurations = (
				70E57CC326E73C8800A5E9D2 /* Debug */,
				70E57CC426E73C8800A5E9D2 /* Release */,
			);
			defaultConfigurationIsVisible = 0;
			defaultConfigurationName = Release;
		};
		70E57CC526E73C8800A5E9D2 /* Build configuration list for PBXNativeTarget "MovieAppTests" */ = {
			isa = XCConfigurationList;
			buildConfigurations = (
				70E57CC626E73C8800A5E9D2 /* Debug */,
				70E57CC726E73C8800A5E9D2 /* Release */,
			);
			defaultConfigurationIsVisible = 0;
			defaultConfigurationName = Release;
		};
		70E57CC826E73C8800A5E9D2 /* Build configuration list for PBXNativeTarget "MovieAppUITests" */ = {
			isa = XCConfigurationList;
			buildConfigurations = (
				70E57CC926E73C8800A5E9D2 /* Debug */,
				70E57CCA26E73C8800A5E9D2 /* Release */,
			);
			defaultConfigurationIsVisible = 0;
			defaultConfigurationName = Release;
		};
/* End XCConfigurationList section */

/* Begin XCRemoteSwiftPackageReference section */
		70807FEE26E9DEC800FCC5AA /* XCRemoteSwiftPackageReference "Kingfisher" */ = {
			isa = XCRemoteSwiftPackageReference;
			repositoryURL = "https://github.com/onevcat/Kingfisher";
			requirement = {
				kind = upToNextMajorVersion;
				minimumVersion = 6.3.1;
			};
		};
		70B404A226E7656A0012F23E /* XCRemoteSwiftPackageReference "SwiftLint" */ = {
			isa = XCRemoteSwiftPackageReference;
			repositoryURL = "https://github.com/realm/SwiftLint";
			requirement = {
				kind = upToNextMinorVersion;
				minimumVersion = 0.43.1;
			};
		};
		70B404A426E77FFA0012F23E /* XCRemoteSwiftPackageReference "Alamofire" */ = {
			isa = XCRemoteSwiftPackageReference;
			repositoryURL = "https://github.com/Alamofire/Alamofire";
			requirement = {
				kind = upToNextMajorVersion;
				minimumVersion = 5.4.3;
			};
		};
		70E57CCB26E75BC600A5E9D2 /* XCRemoteSwiftPackageReference "SnapKit" */ = {
			isa = XCRemoteSwiftPackageReference;
			repositoryURL = "https://github.com/SnapKit/SnapKit";
			requirement = {
				kind = upToNextMajorVersion;
				minimumVersion = 5.0.1;
			};
		};
/* End XCRemoteSwiftPackageReference section */

/* Begin XCSwiftPackageProductDependency section */
		70807FEF26E9DEC800FCC5AA /* Kingfisher */ = {
			isa = XCSwiftPackageProductDependency;
			package = 70807FEE26E9DEC800FCC5AA /* XCRemoteSwiftPackageReference "Kingfisher" */;
			productName = Kingfisher;
		};
		70B404A526E77FFA0012F23E /* Alamofire */ = {
			isa = XCSwiftPackageProductDependency;
			package = 70B404A426E77FFA0012F23E /* XCRemoteSwiftPackageReference "Alamofire" */;
			productName = Alamofire;
		};
		70E57CCC26E75BC600A5E9D2 /* SnapKit */ = {
			isa = XCSwiftPackageProductDependency;
			package = 70E57CCB26E75BC600A5E9D2 /* XCRemoteSwiftPackageReference "SnapKit" */;
			productName = SnapKit;
		};
/* End XCSwiftPackageProductDependency section */
	};
	rootObject = 70E57C9026E73C8600A5E9D2 /* Project object */;
}
